
Microsoft Visual Studio Solution File, Format Version 12.00
# Visual Studio Version 16
VisualStudioVersion = 16.0.32002.261
MinimumVisualStudioVersion = 10.0.40219.1
Project("{FAE04EC0-301F-11D3-BF4B-00C04F79EFBC}") = "HashTable", "HashTable\HashTable.csproj", "{0172F00B-0F06-495D-8620-869F4E568931}"
EndProject
Project("{FAE04EC0-301F-11D3-BF4B-00C04F79EFBC}") = "HashTableTest", "HashTableTest\HashTableTest.csproj", "{2CBCFAF0-A1D4-4068-BBA4-68E55BD75931}"
EndProject
Global
	GlobalSection(SolutionConfigurationPlatforms) = preSolution
		Debug|Any CPU = Debug|Any CPU
		Release|Any CPU = Release|Any CPU
	EndGlobalSection
	GlobalSection(ProjectConfigurationPlatforms) = postSolution
		{0172F00B-0F06-495D-8620-869F4E568931}.Debug|Any CPU.ActiveCfg = Debug|Any CPU
		{0172F00B-0F06-495D-8620-869F4E568931}.Debug|Any CPU.Build.0 = Debug|Any CPU
		{0172F00B-0F06-495D-8620-869F4E568931}.Release|Any CPU.ActiveCfg = Release|Any CPU
		{0172F00B-0F06-495D-8620-869F4E568931}.Release|Any CPU.Build.0 = Release|Any CPU
		{2CBCFAF0-A1D4-4068-BBA4-68E55BD75931}.Debug|Any CPU.ActiveCfg = Debug|Any CPU
		{2CBCFAF0-A1D4-4068-BBA4-68E55BD75931}.Debug|Any CPU.Build.0 = Debug|Any CPU
		{2CBCFAF0-A1D4-4068-BBA4-68E55BD75931}.Release|Any CPU.ActiveCfg = Release|Any CPU
		{2CBCFAF0-A1D4-4068-BBA4-68E55BD75931}.Release|Any CPU.Build.0 = Release|Any CPU
	EndGlobalSection
	GlobalSection(SolutionProperties) = preSolution
		HideSolutionNode = FALSE
	EndGlobalSection
	GlobalSection(ExtensibilityGlobals) = postSolution
		SolutionGuid = {C394A7D7-021A-4152-B2D6-D6AEFF41CB5C}
	EndGlobalSection
EndGlobal
