
Microsoft Visual Studio Solution File, Format Version 12.00
# Visual Studio Version 16
VisualStudioVersion = 16.0.32002.261
MinimumVisualStudioVersion = 10.0.40219.1
Project("{FAE04EC0-301F-11D3-BF4B-00C04F79EFBC}") = "MergeSort", "MergeSort\MergeSort.csproj", "{5DD440BF-EB99-4F41-ACE1-777BD2DBEEDB}"
EndProject
Project("{FAE04EC0-301F-11D3-BF4B-00C04F79EFBC}") = "MergeSortTest", "MergeSortTest\MergeSortTest.csproj", "{596D7128-C9BF-4831-BA02-E0C7EF950A7D}"
EndProject
Global
	GlobalSection(SolutionConfigurationPlatforms) = preSolution
		Debug|Any CPU = Debug|Any CPU
		Release|Any CPU = Release|Any CPU
	EndGlobalSection
	GlobalSection(ProjectConfigurationPlatforms) = postSolution
		{5DD440BF-EB99-4F41-ACE1-777BD2DBEEDB}.Debug|Any CPU.ActiveCfg = Debug|Any CPU
		{5DD440BF-EB99-4F41-ACE1-777BD2DBEEDB}.Debug|Any CPU.Build.0 = Debug|Any CPU
		{5DD440BF-EB99-4F41-ACE1-777BD2DBEEDB}.Release|Any CPU.ActiveCfg = Release|Any CPU
		{5DD440BF-EB99-4F41-ACE1-777BD2DBEEDB}.Release|Any CPU.Build.0 = Release|Any CPU
		{596D7128-C9BF-4831-BA02-E0C7EF950A7D}.Debug|Any CPU.ActiveCfg = Debug|Any CPU
		{596D7128-C9BF-4831-BA02-E0C7EF950A7D}.Debug|Any CPU.Build.0 = Debug|Any CPU
		{596D7128-C9BF-4831-BA02-E0C7EF950A7D}.Release|Any CPU.ActiveCfg = Release|Any CPU
		{596D7128-C9BF-4831-BA02-E0C7EF950A7D}.Release|Any CPU.Build.0 = Release|Any CPU
	EndGlobalSection
	GlobalSection(SolutionProperties) = preSolution
		HideSolutionNode = FALSE
	EndGlobalSection
	GlobalSection(ExtensibilityGlobals) = postSolution
		SolutionGuid = {4DB74512-4CE6-4778-A0F6-04ECB612AB97}
	EndGlobalSection
EndGlobal
